<?xml version="1.0" encoding="utf-8"?>
<Project ToolsVersion="4.0" xmlns="http://schemas.microsoft.com/developer/msbuild/2003">
  <ItemGroup>
    <Filter Include="소스 파일">
      <UniqueIdentifier>{4FC737F1-C7A5-4376-A066-2A32D752A2FF}</UniqueIdentifier>
      <Extensions>cpp;c;cc;cxx;c++;cppm;ixx;def;odl;idl;hpj;bat;asm;asmx</Extensions>
    </Filter>
    <Filter Include="헤더 파일">
      <UniqueIdentifier>{93995380-89BD-4b04-88EB-625FBE52EBFB}</UniqueIdentifier>
      <Extensions>h;hh;hpp;hxx;h++;hm;inl;inc;ipp;xsd</Extensions>
    </Filter>
    <Filter Include="리소스 파일">
      <UniqueIdentifier>{67DA6AB6-F800-4c08-8B7A-83BB121AAD01}</UniqueIdentifier>
      <Extensions>rc;ico;cur;bmp;dlg;rc2;rct;bin;rgs;gif;jpg;jpeg;jpe;resx;tiff;tif;png;wav;mfcribbon-ms</Extensions>
    </Filter>
    <Filter Include="소스 파일\Components">
      <UniqueIdentifier>{9f5e949a-4a3e-4e2c-855e-a763e2bce884}</UniqueIdentifier>
    </Filter>
    <Filter Include="헤더 파일\Components">
      <UniqueIdentifier>{92a1481e-4e93-4e6b-8172-c6d3a4c2851a}</UniqueIdentifier>
    </Filter>
    <Filter Include="소스 파일\Network">
      <UniqueIdentifier>{490e6104-199b-4d18-a201-64196939529d}</UniqueIdentifier>
    </Filter>
    <Filter Include="헤더 파일\Network">
      <UniqueIdentifier>{d3fcd25a-3336-4e74-b77d-613aef7cfa5a}</UniqueIdentifier>
    </Filter>
  </ItemGroup>
  <ItemGroup>
    <ClCompile Include="main.cpp">
      <Filter>소스 파일</Filter>
    </ClCompile>
    <ClCompile Include="ResourceManager.cpp">
      <Filter>소스 파일</Filter>
    </ClCompile>
    <ClCompile Include="MusicPlayer.cpp">
      <Filter>소스 파일</Filter>
    </ClCompile>
    <ClCompile Include="RandomManager.cpp">
      <Filter>소스 파일</Filter>
    </ClCompile>
    <ClCompile Include="Scene.cpp">
      <Filter>소스 파일</Filter>
    </ClCompile>
    <ClCompile Include="SceneLoader.cpp">
      <Filter>소스 파일</Filter>
    </ClCompile>
    <ClCompile Include="RayGui.cpp">
      <Filter>소스 파일</Filter>
    </ClCompile>
    <ClCompile Include="GameObject.cpp">
      <Filter>소스 파일</Filter>
    </ClCompile>
    <ClCompile Include="Game.cpp">
      <Filter>소스 파일</Filter>
    </ClCompile>
    <ClCompile Include="IDGenerator.cpp">
      <Filter>소스 파일</Filter>
    </ClCompile>
    <ClCompile Include="Components\Component.cpp">
      <Filter>소스 파일\Components</Filter>
    </ClCompile>
    <ClCompile Include="Components\Transform.cpp">
      <Filter>소스 파일\Components</Filter>
    </ClCompile>
    <ClCompile Include="SceneManager.cpp">
      <Filter>소스 파일</Filter>
    </ClCompile>
    <ClCompile Include="Components\SpriteRenderer.cpp">
      <Filter>소스 파일\Components</Filter>
    </ClCompile>
    <ClCompile Include="SoundPlayer.cpp">
      <Filter>소스 파일</Filter>
    </ClCompile>
    <ClCompile Include="Components\Button.cpp">
      <Filter>소스 파일\Components</Filter>
    </ClCompile>
    <ClCompile Include="GameObjectFactory.cpp">
      <Filter>소스 파일</Filter>
    </ClCompile>
    <ClCompile Include="Components\Collider.cpp">
      <Filter>소스 파일\Components</Filter>
    </ClCompile>
    <ClCompile Include="TimerManager.cpp">
      <Filter>소스 파일</Filter>
    </ClCompile>
    <ClCompile Include="Components\Bullet.cpp">
      <Filter>소스 파일\Components</Filter>
    </ClCompile>
    <ClCompile Include="Components\Animator.cpp">
      <Filter>소스 파일</Filter>
    </ClCompile>
    <ClCompile Include="Components\PlayerController.cpp">
      <Filter>소스 파일\Components</Filter>
    </ClCompile>
    <ClCompile Include="Components\PlayerMessage.cpp">
      <Filter>소스 파일\Components</Filter>
    </ClCompile>
    <ClCompile Include="Components\PlayerStatsUI.cpp">
      <Filter>소스 파일\Components</Filter>
    </ClCompile>
    <ClCompile Include="InputManager.cpp">
      <Filter>소스 파일</Filter>
    </ClCompile>
    <ClCompile Include="Components\MapBuilder.cpp">
      <Filter>소스 파일\Components</Filter>
    </ClCompile>
    <ClCompile Include="Components\MobController.cpp">
      <Filter>소스 파일\Components</Filter>
    </ClCompile>
    <ClCompile Include="Components\Controller.cpp">
      <Filter>소스 파일\Components</Filter>
    </ClCompile>
    <ClCompile Include="Components\Exp.cpp">
      <Filter>소스 파일\Components</Filter>
    </ClCompile>
    <ClCompile Include="Components\Health.cpp">
      <Filter>소스 파일\Components</Filter>
    </ClCompile>
    <ClCompile Include="Components\HealthBar.cpp">
      <Filter>소스 파일\Components</Filter>
    </ClCompile>
    <ClCompile Include="Components\TextUI.cpp">
      <Filter>소스 파일\Components</Filter>
    </ClCompile>
    <ClCompile Include="GameSession.cpp">
      <Filter>소스 파일</Filter>
    </ClCompile>
    <ClCompile Include="Network\NetworkClient.cpp">
      <Filter>소스 파일\Network</Filter>
    </ClCompile>
  </ItemGroup>
  <ItemGroup>
    <ClInclude Include="Game.h">
      <Filter>헤더 파일</Filter>
    </ClInclude>
    <ClInclude Include="IDGenerator.h">
      <Filter>헤더 파일</Filter>
    </ClInclude>
    <ClInclude Include="ResourceManager.h">
      <Filter>헤더 파일</Filter>
    </ClInclude>
    <ClInclude Include="MusicPlayer.h">
      <Filter>헤더 파일</Filter>
    </ClInclude>
    <ClInclude Include="RandomManager.h">
      <Filter>헤더 파일</Filter>
    </ClInclude>
    <ClInclude Include="SoundPlayer.h">
      <Filter>헤더 파일</Filter>
    </ClInclude>
    <ClInclude Include="Scene.h">
      <Filter>헤더 파일</Filter>
    </ClInclude>
    <ClInclude Include="SceneManager.h">
      <Filter>헤더 파일</Filter>
    </ClInclude>
    <ClInclude Include="GameServices.h">
      <Filter>헤더 파일</Filter>
    </ClInclude>
    <ClInclude Include="SceneLoader.h">
      <Filter>헤더 파일</Filter>
    </ClInclude>
    <ClInclude Include="SceneInfo.h">
      <Filter>헤더 파일</Filter>
    </ClInclude>
    <ClInclude Include="InputManager.h">
      <Filter>헤더 파일</Filter>
    </ClInclude>
    <ClInclude Include="GameObject.h">
      <Filter>헤더 파일</Filter>
    </ClInclude>
    <ClInclude Include="Components\Transform.h">
      <Filter>헤더 파일\Components</Filter>
    </ClInclude>
    <ClInclude Include="Components\Component.h">
      <Filter>헤더 파일\Components</Filter>
    </ClInclude>
    <ClInclude Include="Components\SpriteRenderer.h">
      <Filter>헤더 파일\Components</Filter>
    </ClInclude>
    <ClInclude Include="Components\Button.h">
      <Filter>헤더 파일\Components</Filter>
    </ClInclude>
    <ClInclude Include="GameObjectFactory.h">
      <Filter>헤더 파일</Filter>
    </ClInclude>
    <ClInclude Include="Components\Collider.h">
      <Filter>헤더 파일\Components</Filter>
    </ClInclude>
    <ClInclude Include="JsonUtils.h">
      <Filter>헤더 파일</Filter>
    </ClInclude>
    <ClInclude Include="TimerManager.h">
      <Filter>헤더 파일</Filter>
    </ClInclude>
    <ClInclude Include="Components\Bullet.h">
      <Filter>헤더 파일\Components</Filter>
    </ClInclude>
    <ClInclude Include="Components\Animator.h">
      <Filter>헤더 파일</Filter>
    </ClInclude>
    <ClInclude Include="Components\PlayerController.h">
      <Filter>헤더 파일\Components</Filter>
    </ClInclude>
    <ClInclude Include="Components\PlayerMessage.h">
      <Filter>헤더 파일\Components</Filter>
    </ClInclude>
    <ClInclude Include="Components\PlayerStatsUI.h">
      <Filter>헤더 파일\Components</Filter>
    </ClInclude>
    <ClInclude Include="Components\MapBuilder.h">
      <Filter>헤더 파일\Components</Filter>
    </ClInclude>
    <ClInclude Include="Components\MobController.h">
      <Filter>헤더 파일\Components</Filter>
    </ClInclude>
    <ClInclude Include="Components\Controller.h">
      <Filter>헤더 파일\Components</Filter>
    </ClInclude>
    <ClInclude Include="Components\Exp.h">
      <Filter>헤더 파일\Components</Filter>
    </ClInclude>
    <ClInclude Include="Components\Health.h">
      <Filter>헤더 파일\Components</Filter>
    </ClInclude>
    <ClInclude Include="Components\HealthBar.h">
      <Filter>헤더 파일\Components</Filter>
    </ClInclude>
    <ClInclude Include="Components\TextUI.h">
      <Filter>헤더 파일\Components</Filter>
    </ClInclude>
    <ClInclude Include="GameSession.h">
      <Filter>헤더 파일</Filter>
    </ClInclude>
    <ClInclude Include="Network\NetworkClient.h">
      <Filter>헤더 파일\Network</Filter>
    </ClInclude>
  </ItemGroup>
</Project>